
Microsoft Visual Studio Solution File, Format Version 12.00
# Visual Studio 15
VisualStudioVersion = 15.0.28010.2046
MinimumVisualStudioVersion = 10.0.40219.1
Project("{FAE04EC0-301F-11D3-BF4B-00C04F79EFBC}") = "QL_SIEU_THI_LTCSDL", "QL_SIEU_THI_LTCSDL\QL_SIEU_THI_LTCSDL.csproj", "{26105A72-2CB8-40EA-8F82-240DF55672FE}"
EndProject
Global
	GlobalSection(SolutionConfigurationPlatforms) = preSolution
		Debug|Any CPU = Debug|Any CPU
		Release|Any CPU = Release|Any CPU
	EndGlobalSection
	GlobalSection(ProjectConfigurationPlatforms) = postSolution
		{26105A72-2CB8-40EA-8F82-240DF55672FE}.Debug|Any CPU.ActiveCfg = Debug|Any CPU
		{26105A72-2CB8-40EA-8F82-240DF55672FE}.Debug|Any CPU.Build.0 = Debug|Any CPU
		{26105A72-2CB8-40EA-8F82-240DF55672FE}.Release|Any CPU.ActiveCfg = Release|Any CPU
		{26105A72-2CB8-40EA-8F82-240DF55672FE}.Release|Any CPU.Build.0 = Release|Any CPU
	EndGlobalSection
	GlobalSection(SolutionProperties) = preSolution
		HideSolutionNode = FALSE
	EndGlobalSection
	GlobalSection(ExtensibilityGlobals) = postSolution
		SolutionGuid = {873CD090-EC20-4F83-9E01-288C51C1309B}
	EndGlobalSection
EndGlobal
